
Microsoft Visual Studio Solution File, Format Version 12.00
# Visual Studio 15
VisualStudioVersion = 15.0.27703.2000
MinimumVisualStudioVersion = 10.0.40219.1
Project("{8BC9CEB8-8B4A-11D0-8D11-00A0C91BC942}") = "module", "module\module.vcxproj", "{20BC9AAD-4779-4155-84BF-DAC379A694C5}"
EndProject
Project("{8BC9CEB8-8B4A-11D0-8D11-00A0C91BC942}") = "main", "main\main.vcxproj", "{86168676-D1AB-4986-B818-589683403ED0}"
	ProjectSection(ProjectDependencies) = postProject
		{20BC9AAD-4779-4155-84BF-DAC379A694C5} = {20BC9AAD-4779-4155-84BF-DAC379A694C5}
	EndProjectSection
EndProject
Global
	GlobalSection(SolutionConfigurationPlatforms) = preSolution
		Debug|x64 = Debug|x64
		Debug|x86 = Debug|x86
		Release|x64 = Release|x64
		Release|x86 = Release|x86
	EndGlobalSection
	GlobalSection(ProjectConfigurationPlatforms) = postSolution
		{20BC9AAD-4779-4155-84BF-DAC379A694C5}.Debug|x64.ActiveCfg = Debug|x64
		{20BC9AAD-4779-4155-84BF-DAC379A694C5}.Debug|x64.Build.0 = Debug|x64
		{20BC9AAD-4779-4155-84BF-DAC379A694C5}.Debug|x86.ActiveCfg = Debug|Win32
		{20BC9AAD-4779-4155-84BF-DAC379A694C5}.Debug|x86.Build.0 = Debug|Win32
		{20BC9AAD-4779-4155-84BF-DAC379A694C5}.Release|x64.ActiveCfg = Release|x64
		{20BC9AAD-4779-4155-84BF-DAC379A694C5}.Release|x64.Build.0 = Release|x64
		{20BC9AAD-4779-4155-84BF-DAC379A694C5}.Release|x86.ActiveCfg = Release|Win32
		{20BC9AAD-4779-4155-84BF-DAC379A694C5}.Release|x86.Build.0 = Release|Win32
		{86168676-D1AB-4986-B818-589683403ED0}.Debug|x64.ActiveCfg = Debug|x64
		{86168676-D1AB-4986-B818-589683403ED0}.Debug|x64.Build.0 = Debug|x64
		{86168676-D1AB-4986-B818-589683403ED0}.Debug|x86.ActiveCfg = Debug|Win32
		{86168676-D1AB-4986-B818-589683403ED0}.Debug|x86.Build.0 = Debug|Win32
		{86168676-D1AB-4986-B818-589683403ED0}.Release|x64.ActiveCfg = Release|x64
		{86168676-D1AB-4986-B818-589683403ED0}.Release|x64.Build.0 = Release|x64
		{86168676-D1AB-4986-B818-589683403ED0}.Release|x86.ActiveCfg = Release|Win32
		{86168676-D1AB-4986-B818-589683403ED0}.Release|x86.Build.0 = Release|Win32
	EndGlobalSection
	GlobalSection(SolutionProperties) = preSolution
		HideSolutionNode = FALSE
	EndGlobalSection
	GlobalSection(ExtensibilityGlobals) = postSolution
		SolutionGuid = {BC242750-9D84-46E5-AC4A-DA8BF54CC1D0}
	EndGlobalSection
EndGlobal
